Microsoft Visual Studio Solution File, Format Version 12.00
# Visual Studio Version 17
VisualStudioVersion = 17.14.37502.11 d17.14
MinimumVisualStudioVersion = 10.0.40219.1
Project("{FAE04EC0-301F-11D3-BF4B-00C04F79EFBC}") = "LDChartControlPlus", "LDChartControlPlus.csproj", "{2A82DC15-7809-4496-8E1B-6850A4404824}"
EndProject
Global
	GlobalSection(SolutionConfigurationPlatforms) = preSolution
		Debug|Any CPU = Debug|Any CPU
		Release|Any CPU = Release|Any CPU
	EndGlobalSection
	GlobalSection(ProjectConfigurationPlatforms) = postSolution
		{2A82DC15-7809-4496-8E1B-6850A4404824}.Debug|Any CPU.ActiveCfg = Debug|Any CPU
		{2A82DC15-7809-4496-8E1B-6850A4404824}.Debug|Any CPU.Build.0 = Debug|Any CPU
		{2A82DC15-7809-4496-8E1B-6850A4404824}.Release|Any CPU.ActiveCfg = Release|Any CPU
		{2A82DC15-7809-4496-8E1B-6850A4404824}.Release|Any CPU.Build.0 = Release|Any CPU
	EndGlobalSection
	GlobalSection(SolutionProperties) = preSolution
		HideSolutionNode = FALSE
	EndGlobalSection
	GlobalSection(ExtensibilityGlobals) = postSolution
		SolutionGuid = {68E1E0C8-6BEE-43DD-AC8C-CD106368425A}
	EndGlobalSection
EndGlobal
